
Microsoft Visual Studio Solution File, Format Version 12.00
# Visual Studio 2013
VisualStudioVersion = 12.0.21005.1
MinimumVisualStudioVersion = 10.0.40219.1
Project("{FAE04EC0-301F-11D3-BF4B-00C04F79EFBC}") = "DanceStudio", "DanceStudio\DanceStudio.csproj", "{66ED48B4-D509-4980-AAA2-D39E5D45E085}"
EndProject
Project("{2150E333-8FDC-42A3-9474-1A3956D46DE8}") = "Build", "Build", "{6B9D7995-5DC1-4F90-8AA8-4F2CBE02CFA5}"
EndProject
Project("{2150E333-8FDC-42A3-9474-1A3956D46DE8}") = "Targets", "Targets", "{4043B375-E2B7-48E2-BB8D-1B97343C5DC3}"
	ProjectSection(SolutionItems) = preProject
		..\..\..\Build\Targets\DanceStudio.Targets = ..\..\..\Build\Targets\DanceStudio.Targets
	EndProjectSection
EndProject
Project("{2150E333-8FDC-42A3-9474-1A3956D46DE8}") = "Snippets", "Snippets", "{577A690D-F3C1-4623-9390-2F8AE56EBCE4}"
	ProjectSection(SolutionItems) = preProject
		..\..\Snippets\snpClasses.snippet = ..\..\Snippets\snpClasses.snippet
		..\..\Snippets\snpDebug.snippet = ..\..\Snippets\snpDebug.snippet
		..\..\Snippets\snpDelegates.snippet = ..\..\Snippets\snpDelegates.snippet
		..\..\Snippets\snpEnumerations.snippet = ..\..\Snippets\snpEnumerations.snippet
		..\..\Snippets\snpEnums.snippet = ..\..\Snippets\snpEnums.snippet
		..\..\Snippets\snpEventArgs.snippet = ..\..\Snippets\snpEventArgs.snippet
		..\..\Snippets\snpEvents.snippet = ..\..\Snippets\snpEvents.snippet
		..\..\Snippets\snpInterfaces.snippet = ..\..\Snippets\snpInterfaces.snippet
		..\..\Snippets\snpProperties.snippet = ..\..\Snippets\snpProperties.snippet
		..\..\Snippets\snpRegions.snippet = ..\..\Snippets\snpRegions.snippet
		..\..\Snippets\snpXna.snippet = ..\..\Snippets\snpXna.snippet
	EndProjectSection
EndProject
Project("{8BC9CEB8-8B4A-11D0-8D11-00A0C91BC942}") = "DanceStudio.Core.Cli", "DanceStudio.Core.Cli\DanceStudio.Core.Cli.vcxproj", "{DE9E1227-BDF5-4C63-86EA-54C62C7F39E9}"
	ProjectSection(ProjectDependencies) = postProject
		{2AB9CC54-A705-4BB7-8D6E-77C409FB10ED} = {2AB9CC54-A705-4BB7-8D6E-77C409FB10ED}
	EndProjectSection
EndProject
Project("{FAE04EC0-301F-11D3-BF4B-00C04F79EFBC}") = "DanceStudio.Controller", "DanceStudio.Controller\DanceStudio.Controller.csproj", "{5A69FF85-BD5D-4BDB-B71B-74B892DE1030}"
EndProject
Project("{FAE04EC0-301F-11D3-BF4B-00C04F79EFBC}") = "DanceStudio.CodedUITests", "DanceStudio.CodedUITests\DanceStudio.CodedUITests.csproj", "{F277D666-3F7F-4021-B04F-59AE0E3D31C3}"
EndProject
Project("{2150E333-8FDC-42A3-9474-1A3956D46DE8}") = "Installer", "Installer", "{18171402-831F-48E8-822D-F958B65D64D4}"
	ProjectSection(SolutionItems) = preProject
		..\..\..\Installer\Installer.iss = ..\..\..\Installer\Installer.iss
	EndProjectSection
EndProject
Project("{8BC9CEB8-8B4A-11D0-8D11-00A0C91BC942}") = "DanceStudio.Core.UnitTests", "DanceStudio.Core.UnitTests\DanceStudio.Core.UnitTests.vcxproj", "{109A92F7-8EC5-4FF0-B36C-FDDD530F6BEF}"
	ProjectSection(ProjectDependencies) = postProject
		{2AB9CC54-A705-4BB7-8D6E-77C409FB10ED} = {2AB9CC54-A705-4BB7-8D6E-77C409FB10ED}
	EndProjectSection
EndProject
Project("{8BC9CEB8-8B4A-11D0-8D11-00A0C91BC942}") = "DanceStudio.Core", "..\..\Common\DanceStudio.Core\DanceStudio.Core.vcxproj", "{2AB9CC54-A705-4BB7-8D6E-77C409FB10ED}"
EndProject
Global
	GlobalSection(SolutionConfigurationPlatforms) = preSolution
		Debug|Any CPU = Debug|Any CPU
		Debug|Mixed Platforms = Debug|Mixed Platforms
		Debug|Win32 = Debug|Win32
		Debug|x64 = Debug|x64
		Debug|x86 = Debug|x86
		Release|Any CPU = Release|Any CPU
		Release|Mixed Platforms = Release|Mixed Platforms
		Release|Win32 = Release|Win32
		Release|x64 = Release|x64
		Release|x86 = Release|x86
	EndGlobalSection
	GlobalSection(ProjectConfigurationPlatforms) = postSolution
		{66ED48B4-D509-4980-AAA2-D39E5D45E085}.Debug|Any CPU.ActiveCfg = Debug|Any CPU
		{66ED48B4-D509-4980-AAA2-D39E5D45E085}.Debug|Any CPU.Build.0 = Debug|Any CPU
		{66ED48B4-D509-4980-AAA2-D39E5D45E085}.Debug|Mixed Platforms.ActiveCfg = Debug|x86
		{66ED48B4-D509-4980-AAA2-D39E5D45E085}.Debug|Mixed Platforms.Build.0 = Debug|x86
		{66ED48B4-D509-4980-AAA2-D39E5D45E085}.Debug|Win32.ActiveCfg = Debug|x86
		{66ED48B4-D509-4980-AAA2-D39E5D45E085}.Debug|Win32.Build.0 = Debug|x86
		{66ED48B4-D509-4980-AAA2-D39E5D45E085}.Debug|x64.ActiveCfg = Debug|x64
		{66ED48B4-D509-4980-AAA2-D39E5D45E085}.Debug|x64.Build.0 = Debug|x64
		{66ED48B4-D509-4980-AAA2-D39E5D45E085}.Debug|x86.ActiveCfg = Debug|x86
		{66ED48B4-D509-4980-AAA2-D39E5D45E085}.Debug|x86.Build.0 = Debug|x86
		{66ED48B4-D509-4980-AAA2-D39E5D45E085}.Release|Any CPU.ActiveCfg = Release|Any CPU
		{66ED48B4-D509-4980-AAA2-D39E5D45E085}.Release|Any CPU.Build.0 = Release|Any CPU
		{66ED48B4-D509-4980-AAA2-D39E5D45E085}.Release|Mixed Platforms.ActiveCfg = Release|x86
		{66ED48B4-D509-4980-AAA2-D39E5D45E085}.Release|Mixed Platforms.Build.0 = Release|x86
		{66ED48B4-D509-4980-AAA2-D39E5D45E085}.Release|Win32.ActiveCfg = Release|x86
		{66ED48B4-D509-4980-AAA2-D39E5D45E085}.Release|Win32.Build.0 = Release|x86
		{66ED48B4-D509-4980-AAA2-D39E5D45E085}.Release|x64.ActiveCfg = Release|x64
		{66ED48B4-D509-4980-AAA2-D39E5D45E085}.Release|x64.Build.0 = Release|x64
		{66ED48B4-D509-4980-AAA2-D39E5D45E085}.Release|x86.ActiveCfg = Release|x86
		{66ED48B4-D509-4980-AAA2-D39E5D45E085}.Release|x86.Build.0 = Release|x86
		{DE9E1227-BDF5-4C63-86EA-54C62C7F39E9}.Debug|Any CPU.ActiveCfg = Debug|Win32
		{DE9E1227-BDF5-4C63-86EA-54C62C7F39E9}.Debug|Mixed Platforms.ActiveCfg = Debug|Win32
		{DE9E1227-BDF5-4C63-86EA-54C62C7F39E9}.Debug|Mixed Platforms.Build.0 = Debug|Win32
		{DE9E1227-BDF5-4C63-86EA-54C62C7F39E9}.Debug|Win32.ActiveCfg = Debug|Win32
		{DE9E1227-BDF5-4C63-86EA-54C62C7F39E9}.Debug|Win32.Build.0 = Debug|Win32
		{DE9E1227-BDF5-4C63-86EA-54C62C7F39E9}.Debug|x64.ActiveCfg = Debug|x64
		{DE9E1227-BDF5-4C63-86EA-54C62C7F39E9}.Debug|x64.Build.0 = Debug|x64
		{DE9E1227-BDF5-4C63-86EA-54C62C7F39E9}.Debug|x86.ActiveCfg = Debug|Win32
		{DE9E1227-BDF5-4C63-86EA-54C62C7F39E9}.Debug|x86.Build.0 = Debug|Win32
		{DE9E1227-BDF5-4C63-86EA-54C62C7F39E9}.Release|Any CPU.ActiveCfg = Release|Win32
		{DE9E1227-BDF5-4C63-86EA-54C62C7F39E9}.Release|Mixed Platforms.ActiveCfg = Release|Win32
		{DE9E1227-BDF5-4C63-86EA-54C62C7F39E9}.Release|Mixed Platforms.Build.0 = Release|Win32
		{DE9E1227-BDF5-4C63-86EA-54C62C7F39E9}.Release|Win32.ActiveCfg = Release|Win32
		{DE9E1227-BDF5-4C63-86EA-54C62C7F39E9}.Release|Win32.Build.0 = Release|Win32
		{DE9E1227-BDF5-4C63-86EA-54C62C7F39E9}.Release|x64.ActiveCfg = Release|x64
		{DE9E1227-BDF5-4C63-86EA-54C62C7F39E9}.Release|x64.Build.0 = Release|x64
		{DE9E1227-BDF5-4C63-86EA-54C62C7F39E9}.Release|x86.ActiveCfg = Release|Win32
		{DE9E1227-BDF5-4C63-86EA-54C62C7F39E9}.Release|x86.Build.0 = Release|Win32
		{5A69FF85-BD5D-4BDB-B71B-74B892DE1030}.Debug|Any CPU.ActiveCfg = Debug|Any CPU
		{5A69FF85-BD5D-4BDB-B71B-74B892DE1030}.Debug|Any CPU.Build.0 = Debug|Any CPU
		{5A69FF85-BD5D-4BDB-B71B-74B892DE1030}.Debug|Mixed Platforms.ActiveCfg = Debug|x86
		{5A69FF85-BD5D-4BDB-B71B-74B892DE1030}.Debug|Mixed Platforms.Build.0 = Debug|x86
		{5A69FF85-BD5D-4BDB-B71B-74B892DE1030}.Debug|Win32.ActiveCfg = Debug|x86
		{5A69FF85-BD5D-4BDB-B71B-74B892DE1030}.Debug|Win32.Build.0 = Debug|x86
		{5A69FF85-BD5D-4BDB-B71B-74B892DE1030}.Debug|x64.ActiveCfg = Debug|x64
		{5A69FF85-BD5D-4BDB-B71B-74B892DE1030}.Debug|x64.Build.0 = Debug|x64
		{5A69FF85-BD5D-4BDB-B71B-74B892DE1030}.Debug|x86.ActiveCfg = Debug|x86
		{5A69FF85-BD5D-4BDB-B71B-74B892DE1030}.Debug|x86.Build.0 = Debug|x86
		{5A69FF85-BD5D-4BDB-B71B-74B892DE1030}.Release|Any CPU.ActiveCfg = Release|Any CPU
		{5A69FF85-BD5D-4BDB-B71B-74B892DE1030}.Release|Any CPU.Build.0 = Release|Any CPU
		{5A69FF85-BD5D-4BDB-B71B-74B892DE1030}.Release|Mixed Platforms.ActiveCfg = Release|x86
		{5A69FF85-BD5D-4BDB-B71B-74B892DE1030}.Release|Mixed Platforms.Build.0 = Release|x86
		{5A69FF85-BD5D-4BDB-B71B-74B892DE1030}.Release|Win32.ActiveCfg = Release|x86
		{5A69FF85-BD5D-4BDB-B71B-74B892DE1030}.Release|Win32.Build.0 = Release|x86
		{5A69FF85-BD5D-4BDB-B71B-74B892DE1030}.Release|x64.ActiveCfg = Release|x64
		{5A69FF85-BD5D-4BDB-B71B-74B892DE1030}.Release|x64.Build.0 = Release|x64
		{5A69FF85-BD5D-4BDB-B71B-74B892DE1030}.Release|x86.ActiveCfg = Release|x86
		{5A69FF85-BD5D-4BDB-B71B-74B892DE1030}.Release|x86.Build.0 = Release|x86
		{F277D666-3F7F-4021-B04F-59AE0E3D31C3}.Debug|Any CPU.ActiveCfg = Debug|Any CPU
		{F277D666-3F7F-4021-B04F-59AE0E3D31C3}.Debug|Any CPU.Build.0 = Debug|Any CPU
		{F277D666-3F7F-4021-B04F-59AE0E3D31C3}.Debug|Mixed Platforms.ActiveCfg = Debug|x86
		{F277D666-3F7F-4021-B04F-59AE0E3D31C3}.Debug|Mixed Platforms.Build.0 = Debug|x86
		{F277D666-3F7F-4021-B04F-59AE0E3D31C3}.Debug|Win32.ActiveCfg = Debug|x86
		{F277D666-3F7F-4021-B04F-59AE0E3D31C3}.Debug|Win32.Build.0 = Debug|x86
		{F277D666-3F7F-4021-B04F-59AE0E3D31C3}.Debug|x64.ActiveCfg = Debug|x64
		{F277D666-3F7F-4021-B04F-59AE0E3D31C3}.Debug|x64.Build.0 = Debug|x64
		{F277D666-3F7F-4021-B04F-59AE0E3D31C3}.Debug|x86.ActiveCfg = Debug|x86
		{F277D666-3F7F-4021-B04F-59AE0E3D31C3}.Debug|x86.Build.0 = Debug|x86
		{F277D666-3F7F-4021-B04F-59AE0E3D31C3}.Release|Any CPU.ActiveCfg = Release|Any CPU
		{F277D666-3F7F-4021-B04F-59AE0E3D31C3}.Release|Any CPU.Build.0 = Release|Any CPU
		{F277D666-3F7F-4021-B04F-59AE0E3D31C3}.Release|Mixed Platforms.ActiveCfg = Release|x86
		{F277D666-3F7F-4021-B04F-59AE0E3D31C3}.Release|Mixed Platforms.Build.0 = Release|x86
		{F277D666-3F7F-4021-B04F-59AE0E3D31C3}.Release|Win32.ActiveCfg = Release|x86
		{F277D666-3F7F-4021-B04F-59AE0E3D31C3}.Release|Win32.Build.0 = Release|x86
		{F277D666-3F7F-4021-B04F-59AE0E3D31C3}.Release|x64.ActiveCfg = Release|x64
		{F277D666-3F7F-4021-B04F-59AE0E3D31C3}.Release|x64.Build.0 = Release|x64
		{F277D666-3F7F-4021-B04F-59AE0E3D31C3}.Release|x86.ActiveCfg = Release|x86
		{F277D666-3F7F-4021-B04F-59AE0E3D31C3}.Release|x86.Build.0 = Release|x86
		{109A92F7-8EC5-4FF0-B36C-FDDD530F6BEF}.Debug|Any CPU.ActiveCfg = Debug|Win32
		{109A92F7-8EC5-4FF0-B36C-FDDD530F6BEF}.Debug|Mixed Platforms.ActiveCfg = Debug|Win32
		{109A92F7-8EC5-4FF0-B36C-FDDD530F6BEF}.Debug|Mixed Platforms.Build.0 = Debug|Win32
		{109A92F7-8EC5-4FF0-B36C-FDDD530F6BEF}.Debug|Win32.ActiveCfg = Debug|Win32
		{109A92F7-8EC5-4FF0-B36C-FDDD530F6BEF}.Debug|Win32.Build.0 = Debug|Win32
		{109A92F7-8EC5-4FF0-B36C-FDDD530F6BEF}.Debug|x64.ActiveCfg = Debug|x64
		{109A92F7-8EC5-4FF0-B36C-FDDD530F6BEF}.Debug|x64.Build.0 = Debug|x64
		{109A92F7-8EC5-4FF0-B36C-FDDD530F6BEF}.Debug|x86.ActiveCfg = Debug|Win32
		{109A92F7-8EC5-4FF0-B36C-FDDD530F6BEF}.Debug|x86.Build.0 = Debug|Win32
		{109A92F7-8EC5-4FF0-B36C-FDDD530F6BEF}.Release|Any CPU.ActiveCfg = Release|Win32
		{109A92F7-8EC5-4FF0-B36C-FDDD530F6BEF}.Release|Mixed Platforms.ActiveCfg = Release|Win32
		{109A92F7-8EC5-4FF0-B36C-FDDD530F6BEF}.Release|Mixed Platforms.Build.0 = Release|Win32
		{109A92F7-8EC5-4FF0-B36C-FDDD530F6BEF}.Release|Win32.ActiveCfg = Release|Win32
		{109A92F7-8EC5-4FF0-B36C-FDDD530F6BEF}.Release|Win32.Build.0 = Release|Win32
		{109A92F7-8EC5-4FF0-B36C-FDDD530F6BEF}.Release|x64.ActiveCfg = Release|x64
		{109A92F7-8EC5-4FF0-B36C-FDDD530F6BEF}.Release|x64.Build.0 = Release|x64
		{109A92F7-8EC5-4FF0-B36C-FDDD530F6BEF}.Release|x86.ActiveCfg = Release|Win32
		{109A92F7-8EC5-4FF0-B36C-FDDD530F6BEF}.Release|x86.Build.0 = Release|Win32
		{2AB9CC54-A705-4BB7-8D6E-77C409FB10ED}.Debug|Any CPU.ActiveCfg = Debug|Win32
		{2AB9CC54-A705-4BB7-8D6E-77C409FB10ED}.Debug|Mixed Platforms.ActiveCfg = Debug|Win32
		{2AB9CC54-A705-4BB7-8D6E-77C409FB10ED}.Debug|Mixed Platforms.Build.0 = Debug|Win32
		{2AB9CC54-A705-4BB7-8D6E-77C409FB10ED}.Debug|Win32.ActiveCfg = Debug|Win32
		{2AB9CC54-A705-4BB7-8D6E-77C409FB10ED}.Debug|Win32.Build.0 = Debug|Win32
		{2AB9CC54-A705-4BB7-8D6E-77C409FB10ED}.Debug|x64.ActiveCfg = Debug|x64
		{2AB9CC54-A705-4BB7-8D6E-77C409FB10ED}.Debug|x64.Build.0 = Debug|x64
		{2AB9CC54-A705-4BB7-8D6E-77C409FB10ED}.Debug|x86.ActiveCfg = Debug|Win32
		{2AB9CC54-A705-4BB7-8D6E-77C409FB10ED}.Debug|x86.Build.0 = Debug|Win32
		{2AB9CC54-A705-4BB7-8D6E-77C409FB10ED}.Release|Any CPU.ActiveCfg = Release|Win32
		{2AB9CC54-A705-4BB7-8D6E-77C409FB10ED}.Release|Mixed Platforms.ActiveCfg = Release|Win32
		{2AB9CC54-A705-4BB7-8D6E-77C409FB10ED}.Release|Mixed Platforms.Build.0 = Release|Win32
		{2AB9CC54-A705-4BB7-8D6E-77C409FB10ED}.Release|Win32.ActiveCfg = Release|Win32
		{2AB9CC54-A705-4BB7-8D6E-77C409FB10ED}.Release|Win32.Build.0 = Release|Win32
		{2AB9CC54-A705-4BB7-8D6E-77C409FB10ED}.Release|x64.ActiveCfg = Release|x64
		{2AB9CC54-A705-4BB7-8D6E-77C409FB10ED}.Release|x64.Build.0 = Release|x64
		{2AB9CC54-A705-4BB7-8D6E-77C409FB10ED}.Release|x86.ActiveCfg = Release|Win32
		{2AB9CC54-A705-4BB7-8D6E-77C409FB10ED}.Release|x86.Build.0 = Release|Win32
	EndGlobalSection
	GlobalSection(SolutionProperties) = preSolution
		HideSolutionNode = FALSE
	EndGlobalSection
	GlobalSection(NestedProjects) = preSolution
		{4043B375-E2B7-48E2-BB8D-1B97343C5DC3} = {6B9D7995-5DC1-4F90-8AA8-4F2CBE02CFA5}
	EndGlobalSection
EndGlobal
